
Microsoft Visual Studio Solution File, Format Version 12.00
# Visual Studio Version 17
VisualStudioVersion = 17.5.33627.172
MinimumVisualStudioVersion = 10.0.40219.1
Project("{FAE04EC0-301F-11D3-BF4B-00C04F79EFBC}") = "Publisher", "Publisher\Publisher.csproj", "{A28ADD69-6890-4C45-9B43-087CEDC1B326}"
EndProject
Project("{FAE04EC0-301F-11D3-BF4B-00C04F79EFBC}") = "Subscriber", "Subscriber\Subscriber.csproj", "{B62E42E3-B5D8-43F2-9B1F-2D3BC2DC533B}"
EndProject
Project("{9A19103F-16F7-4668-BE54-9A1E7A4F7556}") = "Subscriber2", "Subscriber2\Subscriber2.csproj", "{1ED03ECE-14FB-474B-845E-8971634BF417}"
EndProject
Global
	GlobalSection(SolutionConfigurationPlatforms) = preSolution
		Debug|Any CPU = Debug|Any CPU
		Release|Any CPU = Release|Any CPU
	EndGlobalSection
	GlobalSection(ProjectConfigurationPlatforms) = postSolution
		{A28ADD69-6890-4C45-9B43-087CEDC1B326}.Debug|Any CPU.ActiveCfg = Debug|Any CPU
		{A28ADD69-6890-4C45-9B43-087CEDC1B326}.Debug|Any CPU.Build.0 = Debug|Any CPU
		{A28ADD69-6890-4C45-9B43-087CEDC1B326}.Release|Any CPU.ActiveCfg = Release|Any CPU
		{A28ADD69-6890-4C45-9B43-087CEDC1B326}.Release|Any CPU.Build.0 = Release|Any CPU
		{B62E42E3-B5D8-43F2-9B1F-2D3BC2DC533B}.Debug|Any CPU.ActiveCfg = Debug|Any CPU
		{B62E42E3-B5D8-43F2-9B1F-2D3BC2DC533B}.Debug|Any CPU.Build.0 = Debug|Any CPU
		{B62E42E3-B5D8-43F2-9B1F-2D3BC2DC533B}.Release|Any CPU.ActiveCfg = Release|Any CPU
		{B62E42E3-B5D8-43F2-9B1F-2D3BC2DC533B}.Release|Any CPU.Build.0 = Release|Any CPU
		{1ED03ECE-14FB-474B-845E-8971634BF417}.Debug|Any CPU.ActiveCfg = Debug|Any CPU
		{1ED03ECE-14FB-474B-845E-8971634BF417}.Debug|Any CPU.Build.0 = Debug|Any CPU
		{1ED03ECE-14FB-474B-845E-8971634BF417}.Release|Any CPU.ActiveCfg = Release|Any CPU
		{1ED03ECE-14FB-474B-845E-8971634BF417}.Release|Any CPU.Build.0 = Release|Any CPU
	EndGlobalSection
	GlobalSection(SolutionProperties) = preSolution
		HideSolutionNode = FALSE
	EndGlobalSection
	GlobalSection(ExtensibilityGlobals) = postSolution
		SolutionGuid = {E62E4C0F-FE81-4EEC-82CA-413733D17061}
	EndGlobalSection
EndGlobal
